
Microsoft Visual Studio Solution File, Format Version 12.00
# Visual Studio Version 17
VisualStudioVersion = 17.6.34408.137
MinimumVisualStudioVersion = 10.0.40219.1
Project("{2150E333-8FDC-42A3-9474-1A3956D46DE8}") = "FrontEnd", "FrontEnd", "{3252684C-446E-4397-98E4-A10177FED7B4}"
EndProject
Project("{2150E333-8FDC-42A3-9474-1A3956D46DE8}") = "Gateway", "Gateway", "{D00A7DAF-71F7-4E23-BEAD-FB3FB5E410C3}"
EndProject
Project("{2150E333-8FDC-42A3-9474-1A3956D46DE8}") = "Integration", "Integration", "{AE888B98-8A60-45D0-B3D0-9F6DAF75BDBD}"
EndProject
Project("{2150E333-8FDC-42A3-9474-1A3956D46DE8}") = "Services", "Services", "{285CA108-1BF4-42E9-A5BF-FA81E96864F7}"
EndProject
Project("{9A19103F-16F7-4668-BE54-9A1E7A4F7556}") = "Mango.Services.CouponAPI", "Mango.Services.CouponAPI\Mango.Services.CouponAPI.csproj", "{284D08C6-E112-41BA-94B9-77896C4867FC}"
EndProject
Project("{9A19103F-16F7-4668-BE54-9A1E7A4F7556}") = "Mango.Web", "Mango.Web\Mango.Web.csproj", "{6FF9AB4B-B26F-4CCE-B45C-13BD8154644F}"
EndProject
Project("{9A19103F-16F7-4668-BE54-9A1E7A4F7556}") = "Mango.Services.AuthAPI", "Mango.Services.AuthAPI\Mango.Services.AuthAPI.csproj", "{49196921-C90A-4D69-81F8-FDB276977A93}"
EndProject
Project("{9A19103F-16F7-4668-BE54-9A1E7A4F7556}") = "Mango.Services.ProductAPI", "Mango.Services.ProductAPI\Mango.Services.ProductAPI.csproj", "{C40A898B-A734-4331-8BDC-B6F6F0EB4F14}"
EndProject
Project("{9A19103F-16F7-4668-BE54-9A1E7A4F7556}") = "Mango.Services.ShoppingCartAPI", "Mango.Services.ShoppingCartAPI\Mango.Services.ShoppingCartAPI.csproj", "{F9AE47A0-1B16-4E4C-881D-B8B36F098F73}"
EndProject
Global
	GlobalSection(SolutionConfigurationPlatforms) = preSolution
		Debug|Any CPU = Debug|Any CPU
		Release|Any CPU = Release|Any CPU
	EndGlobalSection
	GlobalSection(ProjectConfigurationPlatforms) = postSolution
		{284D08C6-E112-41BA-94B9-77896C4867FC}.Debug|Any CPU.ActiveCfg = Debug|Any CPU
		{284D08C6-E112-41BA-94B9-77896C4867FC}.Debug|Any CPU.Build.0 = Debug|Any CPU
		{284D08C6-E112-41BA-94B9-77896C4867FC}.Release|Any CPU.ActiveCfg = Release|Any CPU
		{284D08C6-E112-41BA-94B9-77896C4867FC}.Release|Any CPU.Build.0 = Release|Any CPU
		{6FF9AB4B-B26F-4CCE-B45C-13BD8154644F}.Debug|Any CPU.ActiveCfg = Debug|Any CPU
		{6FF9AB4B-B26F-4CCE-B45C-13BD8154644F}.Debug|Any CPU.Build.0 = Debug|Any CPU
		{6FF9AB4B-B26F-4CCE-B45C-13BD8154644F}.Release|Any CPU.ActiveCfg = Release|Any CPU
		{6FF9AB4B-B26F-4CCE-B45C-13BD8154644F}.Release|Any CPU.Build.0 = Release|Any CPU
		{49196921-C90A-4D69-81F8-FDB276977A93}.Debug|Any CPU.ActiveCfg = Debug|Any CPU
		{49196921-C90A-4D69-81F8-FDB276977A93}.Debug|Any CPU.Build.0 = Debug|Any CPU
		{49196921-C90A-4D69-81F8-FDB276977A93}.Release|Any CPU.ActiveCfg = Release|Any CPU
		{49196921-C90A-4D69-81F8-FDB276977A93}.Release|Any CPU.Build.0 = Release|Any CPU
		{C40A898B-A734-4331-8BDC-B6F6F0EB4F14}.Debug|Any CPU.ActiveCfg = Debug|Any CPU
		{C40A898B-A734-4331-8BDC-B6F6F0EB4F14}.Debug|Any CPU.Build.0 = Debug|Any CPU
		{C40A898B-A734-4331-8BDC-B6F6F0EB4F14}.Release|Any CPU.ActiveCfg = Release|Any CPU
		{C40A898B-A734-4331-8BDC-B6F6F0EB4F14}.Release|Any CPU.Build.0 = Release|Any CPU
		{F9AE47A0-1B16-4E4C-881D-B8B36F098F73}.Debug|Any CPU.ActiveCfg = Debug|Any CPU
		{F9AE47A0-1B16-4E4C-881D-B8B36F098F73}.Debug|Any CPU.Build.0 = Debug|Any CPU
		{F9AE47A0-1B16-4E4C-881D-B8B36F098F73}.Release|Any CPU.ActiveCfg = Release|Any CPU
		{F9AE47A0-1B16-4E4C-881D-B8B36F098F73}.Release|Any CPU.Build.0 = Release|Any CPU
	EndGlobalSection
	GlobalSection(SolutionProperties) = preSolution
		HideSolutionNode = FALSE
	EndGlobalSection
	GlobalSection(NestedProjects) = preSolution
		{284D08C6-E112-41BA-94B9-77896C4867FC} = {285CA108-1BF4-42E9-A5BF-FA81E96864F7}
		{6FF9AB4B-B26F-4CCE-B45C-13BD8154644F} = {3252684C-446E-4397-98E4-A10177FED7B4}
		{49196921-C90A-4D69-81F8-FDB276977A93} = {285CA108-1BF4-42E9-A5BF-FA81E96864F7}
		{C40A898B-A734-4331-8BDC-B6F6F0EB4F14} = {285CA108-1BF4-42E9-A5BF-FA81E96864F7}
		{F9AE47A0-1B16-4E4C-881D-B8B36F098F73} = {285CA108-1BF4-42E9-A5BF-FA81E96864F7}
	EndGlobalSection
	GlobalSection(ExtensibilityGlobals) = postSolution
		SolutionGuid = {29F2BB08-109B-45C3-8922-DB29F2DF0205}
	EndGlobalSection
EndGlobal
